
Microsoft Visual Studio Solution File, Format Version 11.00
# Visual Studio 2010
Project("{FAE04EC0-301F-11D3-BF4B-00C04F79EFBC}") = "LoveMyPet1", "LoveMyPet1\LoveMyPet1.csproj", "{31641F38-9146-4DD1-9FFC-FD75F3A844BF}"
EndProject
Global
	GlobalSection(SolutionConfigurationPlatforms) = preSolution
		Debug|Any CPU = Debug|Any CPU
		Release|Any CPU = Release|Any CPU
	EndGlobalSection
	GlobalSection(ProjectConfigurationPlatforms) = postSolution
		{31641F38-9146-4DD1-9FFC-FD75F3A844BF}.Debug|Any CPU.ActiveCfg = Debug|Any CPU
		{31641F38-9146-4DD1-9FFC-FD75F3A844BF}.Debug|Any CPU.Build.0 = Debug|Any CPU
		{31641F38-9146-4DD1-9FFC-FD75F3A844BF}.Release|Any CPU.ActiveCfg = Release|Any CPU
		{31641F38-9146-4DD1-9FFC-FD75F3A844BF}.Release|Any CPU.Build.0 = Release|Any CPU
	EndGlobalSection
	GlobalSection(SolutionProperties) = preSolution
		HideSolutionNode = FALSE
	EndGlobalSection
EndGlobal
